// !$*UTF8*$!
{
	archiveVersion = 1;
	classes = {
	};
	objectVersion = 46;
	objects = {

/* Begin PBXBuildFile section */
		7A2593291DE130E5003C4E8B /* MainKeyboardStoryboard.storyboard in Resources */ = {isa = PBXBuildFile; fileRef = 7A2593281DE130E5003C4E8B /* MainKeyboardStoryboard.storyboard */; };
		7A25932B1DE1E923003C4E8B /* DatabaseConnector.swift in Sources */ = {isa = PBXBuildFile; fileRef = 7A25932A1DE1E923003C4E8B /* DatabaseConnector.swift */; };
		7A25932D1DE1FC3E003C4E8B /* NextKeyboardViewController.swift in Sources */ = {isa = PBXBuildFile; fileRef = 7A25932C1DE1FC3E003C4E8B /* NextKeyboardViewController.swift */; };
		7A2BDF101DD835F20008898B /* AppDelegate.swift in Sources */ = {isa = PBXBuildFile; fileRef = 7A2BDF0F1DD835F20008898B /* AppDelegate.swift */; };
		7A2BDF121DD835F20008898B /* ViewController.swift in Sources */ = {isa = PBXBuildFile; fileRef = 7A2BDF111DD835F20008898B /* ViewController.swift */; };
		7A2BDF151DD835F20008898B /* Main.storyboard in Resources */ = {isa = PBXBuildFile; fileRef = 7A2BDF131DD835F20008898B /* Main.storyboard */; };
		7A2BDF171DD835F20008898B /* Assets.xcassets in Resources */ = {isa = PBXBuildFile; fileRef = 7A2BDF161DD835F20008898B /* Assets.xcassets */; };
		7A2BDF1A1DD835F20008898B /* LaunchScreen.storyboard in Resources */ = {isa = PBXBuildFile; fileRef = 7A2BDF181DD835F20008898B /* LaunchScreen.storyboard */; };
		7A2BDF251DD835F20008898B /* EquationKeyboardCoreTests.swift in Sources */ = {isa = PBXBuildFile; fileRef = 7A2BDF241DD835F20008898B /* EquationKeyboardCoreTests.swift */; };
		7A2BDF301DD835F20008898B /* EquationKeyboardCoreUITests.swift in Sources */ = {isa = PBXBuildFile; fileRef = 7A2BDF2F1DD835F20008898B /* EquationKeyboardCoreUITests.swift */; };
		7A2BDF441DD836070008898B /* KeyboardViewController.swift in Sources */ = {isa = PBXBuildFile; fileRef = 7A2BDF431DD836070008898B /* KeyboardViewController.swift */; };
		7A2BDF481DD836070008898B /* MainKeyboard.appex in Embed App Extensions */ = {isa = PBXBuildFile; fileRef = 7A2BDF411DD836070008898B /* MainKeyboard.appex */; settings = {ATTRIBUTES = (RemoveHeadersOnCopy, ); }; };
		7ADFD1361DE272C700028C2A /* MergedKeyboardViewController.swift in Sources */ = {isa = PBXBuildFile; fileRef = 7ADFD1351DE272C700028C2A /* MergedKeyboardViewController.swift */; };
/* End PBXBuildFile section */

/* Begin PBXContainerItemProxy section */
		7A2BDF211DD835F20008898B /* PBXContainerItemProxy */ = {
			isa = PBXContainerItemProxy;
			containerPortal = 7A2BDF041DD835F10008898B /* Project object */;
			proxyType = 1;
			remoteGlobalIDString = 7A2BDF0B1DD835F20008898B;
			remoteInfo = EquationKeyboardCore;
		};
		7A2BDF2C1DD835F20008898B /* PBXContainerItemProxy */ = {
			isa = PBXContainerItemProxy;
			containerPortal = 7A2BDF041DD835F10008898B /* Project object */;
			proxyType = 1;
			remoteGlobalIDString = 7A2BDF0B1DD835F20008898B;
			remoteInfo = EquationKeyboardCore;
		};
		7A2BDF461DD836070008898B /* PBXContainerItemProxy */ = {
			isa = PBXContainerItemProxy;
			containerPortal = 7A2BDF041DD835F10008898B /* Project object */;
			proxyType = 1;
			remoteGlobalIDString = 7A2BDF401DD836070008898B;
			remoteInfo = MainKeyboard;
		};
/* End PBXContainerItemProxy section */

/* Begin PBXCopyFilesBuildPhase section */
		7A2BDF4C1DD836070008898B /* Embed App Extensions */ = {
			isa = PBXCopyFilesBuildPhase;
			buildActionMask = 2147483647;
			dstPath = "";
			dstSubfolderSpec = 13;
			files = (
				7A2BDF481DD836070008898B /* MainKeyboard.appex in Embed App Extensions */,
			);
			name = "Embed App Extensions";
			runOnlyForDeploymentPostprocessing = 0;
		};
/* End PBXCopyFilesBuildPhase section */

/* Begin PBXFileReference section */
		7A2593281DE130E5003C4E8B /* MainKeyboardStoryboard.storyboard */ = {isa = PBXFileReference; fileEncoding = 4; lastKnownFileType = file.storyboard; path = MainKeyboardStoryboard.storyboard; sourceTree = "<group>"; };
		7A25932A1DE1E923003C4E8B /* DatabaseConnector.swift */ = {isa = PBXFileReference; fileEncoding = 4; lastKnownFileType = sourcecode.swift; path = DatabaseConnector.swift; sourceTree = "<group>"; };
		7A25932C1DE1FC3E003C4E8B /* NextKeyboardViewController.swift */ = {isa = PBXFileReference; fileEncoding = 4; lastKnownFileType = sourcecode.swift; path = NextKeyboardViewController.swift; sourceTree = "<group>"; };
		7A2BDF0C1DD835F20008898B /* EquationKeyboardCore.app */ = {isa = PBXFileReference; explicitFileType = wrapper.application; includeInIndex = 0; path = EquationKeyboardCore.app; sourceTree = BUILT_PRODUCTS_DIR; };
		7A2BDF0F1DD835F20008898B /* AppDelegate.swift */ = {isa = PBXFileReference; lastKnownFileType = sourcecode.swift; path = AppDelegate.swift; sourceTree = "<group>"; };
		7A2BDF111DD835F20008898B /* ViewController.swift */ = {isa = PBXFileReference; lastKnownFileType = sourcecode.swift; path = ViewController.swift; sourceTree = "<group>"; };
		7A2BDF141DD835F20008898B /* Base */ = {isa = PBXFileReference; lastKnownFileType = file.storyboard; name = Base; path = Base.lproj/Main.storyboard; sourceTree = "<group>"; };
		7A2BDF161DD835F20008898B /* Assets.xcassets */ = {isa = PBXFileReference; lastKnownFileType = folder.assetcatalog; path = Assets.xcassets; sourceTree = "<group>"; };
		7A2BDF191DD835F20008898B /* Base */ = {isa = PBXFileReference; lastKnownFileType = file.storyboard; name = Base; path = Base.lproj/LaunchScreen.storyboard; sourceTree = "<group>"; };
		7A2BDF1B1DD835F20008898B /* Info.plist */ = {isa = PBXFileReference; lastKnownFileType = text.plist.xml; path = Info.plist; sourceTree = "<group>"; };
		7A2BDF201DD835F20008898B /* EquationKeyboardCoreTests.xctest */ = {isa = PBXFileReference; explicitFileType = wrapper.cfbundle; includeInIndex = 0; path = EquationKeyboardCoreTests.xctest; sourceTree = BUILT_PRODUCTS_DIR; };
		7A2BDF241DD835F20008898B /* EquationKeyboardCoreTests.swift */ = {isa = PBXFileReference; lastKnownFileType = sourcecode.swift; path = EquationKeyboardCoreTests.swift; sourceTree = "<group>"; };
		7A2BDF261DD835F20008898B /* Info.plist */ = {isa = PBXFileReference; lastKnownFileType = text.plist.xml; path = Info.plist; sourceTree = "<group>"; };
		7A2BDF2B1DD835F20008898B /* EquationKeyboardCoreUITests.xctest */ = {isa = PBXFileReference; explicitFileType = wrapper.cfbundle; includeInIndex = 0; path = EquationKeyboardCoreUITests.xctest; sourceTree = BUILT_PRODUCTS_DIR; };
		7A2BDF2F1DD835F20008898B /* EquationKeyboardCoreUITests.swift */ = {isa = PBXFileReference; lastKnownFileType = sourcecode.swift; path = EquationKeyboardCoreUITests.swift; sourceTree = "<group>"; };
		7A2BDF311DD835F20008898B /* Info.plist */ = {isa = PBXFileReference; lastKnownFileType = text.plist.xml; path = Info.plist; sourceTree = "<group>"; };
		7A2BDF411DD836070008898B /* MainKeyboard.appex */ = {isa = PBXFileReference; explicitFileType = "wrapper.app-extension"; includeInIndex = 0; path = MainKeyboard.appex; sourceTree = BUILT_PRODUCTS_DIR; };
		7A2BDF431DD836070008898B /* KeyboardViewController.swift */ = {isa = PBXFileReference; lastKnownFileType = sourcecode.swift; path = KeyboardViewController.swift; sourceTree = "<group>"; };
		7A2BDF451DD836070008898B /* Info.plist */ = {isa = PBXFileReference; lastKnownFileType = text.plist.xml; path = Info.plist; sourceTree = "<group>"; };
		7ADFD1351DE272C700028C2A /* MergedKeyboardViewController.swift */ = {isa = PBXFileReference; fileEncoding = 4; lastKnownFileType = sourcecode.swift; path = MergedKeyboardViewController.swift; sourceTree = "<group>"; };
/* End PBXFileReference section */

/* Begin PBXFrameworksBuildPhase section */
		7A2BDF091DD835F20008898B /* Frameworks */ = {
			isa = PBXFrameworksBuildPhase;
			buildActionMask = 2147483647;
			files = (
			);
			runOnlyForDeploymentPostprocessing = 0;
		};
		7A2BDF1D1DD835F20008898B /* Frameworks */ = {
			isa = PBXFrameworksBuildPhase;
			buildActionMask = 2147483647;
			files = (
			);
			runOnlyForDeploymentPostprocessing = 0;
		};
		7A2BDF281DD835F20008898B /* Frameworks */ = {
			isa = PBXFrameworksBuildPhase;
			buildActionMask = 2147483647;
			files = (
			);
			runOnlyForDeploymentPostprocessing = 0;
		};
		7A2BDF3E1DD836070008898B /* Frameworks */ = {
			isa = PBXFrameworksBuildPhase;
			buildActionMask = 2147483647;
			files = (
			);
			runOnlyForDeploymentPostprocessing = 0;
		};
/* End PBXFrameworksBuildPhase section */

/* Begin PBXGroup section */
		7A2BDF031DD835F10008898B = {
			isa = PBXGroup;
			children = (
				7A2BDF0E1DD835F20008898B /* EquationKeyboardCore */,
				7A2BDF231DD835F20008898B /* EquationKeyboardCoreTests */,
				7A2BDF2E1DD835F20008898B /* EquationKeyboardCoreUITests */,
				7A2BDF421DD836070008898B /* MainKeyboard */,
				7A2BDF0D1DD835F20008898B /* Products */,
			);
			sourceTree = "<group>";
		};
		7A2BDF0D1DD835F20008898B /* Products */ = {
			isa = PBXGroup;
			children = (
				7A2BDF0C1DD835F20008898B /* EquationKeyboardCore.app */,
				7A2BDF201DD835F20008898B /* EquationKeyboardCoreTests.xctest */,
				7A2BDF2B1DD835F20008898B /* EquationKeyboardCoreUITests.xctest */,
				7A2BDF411DD836070008898B /* MainKeyboard.appex */,
			);
			name = Products;
			sourceTree = "<group>";
		};
		7A2BDF0E1DD835F20008898B /* EquationKeyboardCore */ = {
			isa = PBXGroup;
			children = (
				7A2BDF0F1DD835F20008898B /* AppDelegate.swift */,
				7A2BDF111DD835F20008898B /* ViewController.swift */,
				7A2BDF131DD835F20008898B /* Main.storyboard */,
				7A2BDF161DD835F20008898B /* Assets.xcassets */,
				7A2BDF181DD835F20008898B /* LaunchScreen.storyboard */,
				7A2BDF1B1DD835F20008898B /* Info.plist */,
			);
			path = EquationKeyboardCore;
			sourceTree = "<group>";
		};
		7A2BDF231DD835F20008898B /* EquationKeyboardCoreTests */ = {
			isa = PBXGroup;
			children = (
				7A2BDF241DD835F20008898B /* EquationKeyboardCoreTests.swift */,
				7A2BDF261DD835F20008898B /* Info.plist */,
			);
			path = EquationKeyboardCoreTests;
			sourceTree = "<group>";
		};
		7A2BDF2E1DD835F20008898B /* EquationKeyboardCoreUITests */ = {
			isa = PBXGroup;
			children = (
				7A2BDF2F1DD835F20008898B /* EquationKeyboardCoreUITests.swift */,
				7A2BDF311DD835F20008898B /* Info.plist */,
			);
			path = EquationKeyboardCoreUITests;
			sourceTree = "<group>";
		};
		7A2BDF421DD836070008898B /* MainKeyboard */ = {
			isa = PBXGroup;
			children = (
				7A25932A1DE1E923003C4E8B /* DatabaseConnector.swift */,
				7A2BDF431DD836070008898B /* KeyboardViewController.swift */,
				7A25932C1DE1FC3E003C4E8B /* NextKeyboardViewController.swift */,
				7A2593281DE130E5003C4E8B /* MainKeyboardStoryboard.storyboard */,
				7A2BDF451DD836070008898B /* Info.plist */,
				7ADFD1351DE272C700028C2A /* MergedKeyboardViewController.swift */,
			);
			path = MainKeyboard;
			sourceTree = "<group>";
		};
/* End PBXGroup section */

/* Begin PBXNativeTarget section */
		7A2BDF0B1DD835F20008898B /* EquationKeyboardCore */ = {
			isa = PBXNativeTarget;
			buildConfigurationList = 7A2BDF341DD835F20008898B /* Build configuration list for PBXNativeTarget "EquationKeyboardCore" */;
			buildPhases = (
				7A2BDF081DD835F20008898B /* Sources */,
				7A2BDF091DD835F20008898B /* Frameworks */,
				7A2BDF0A1DD835F20008898B /* Resources */,
				7A2BDF4C1DD836070008898B /* Embed App Extensions */,
			);
			buildRules = (
			);
			dependencies = (
				7A2BDF471DD836070008898B /* PBXTargetDependency */,
			);
			name = EquationKeyboardCore;
			productName = EquationKeyboardCore;
			productReference = 7A2BDF0C1DD835F20008898B /* EquationKeyboardCore.app */;
			productType = "com.apple.product-type.application";
		};
		7A2BDF1F1DD835F20008898B /* EquationKeyboardCoreTests */ = {
			isa = PBXNativeTarget;
			buildConfigurationList = 7A2BDF371DD835F20008898B /* Build configuration list for PBXNativeTarget "EquationKeyboardCoreTests" */;
			buildPhases = (
				7A2BDF1C1DD835F20008898B /* Sources */,
				7A2BDF1D1DD835F20008898B /* Frameworks */,
				7A2BDF1E1DD835F20008898B /* Resources */,
			);
			buildRules = (
			);
			dependencies = (
				7A2BDF221DD835F20008898B /* PBXTargetDependency */,
			);
			name = EquationKeyboardCoreTests;
			productName = EquationKeyboardCoreTests;
			productReference = 7A2BDF201DD835F20008898B /* EquationKeyboardCoreTests.xctest */;
			productType = "com.apple.product-type.bundle.unit-test";
		};
		7A2BDF2A1DD835F20008898B /* EquationKeyboardCoreUITests */ = {
			isa = PBXNativeTarget;
			buildConfigurationList = 7A2BDF3A1DD835F20008898B /* Build configuration list for PBXNativeTarget "EquationKeyboardCoreUITests" */;
			buildPhases = (
				7A2BDF271DD835F20008898B /* Sources */,
				7A2BDF281DD835F20008898B /* Frameworks */,
				7A2BDF291DD835F20008898B /* Resources */,
			);
			buildRules = (
			);
			dependencies = (
				7A2BDF2D1DD835F20008898B /* PBXTargetDependency */,
			);
			name = EquationKeyboardCoreUITests;
			productName = EquationKeyboardCoreUITests;
			productReference = 7A2BDF2B1DD835F20008898B /* EquationKeyboardCoreUITests.xctest */;
			productType = "com.apple.product-type.bundle.ui-testing";
		};
		7A2BDF401DD836070008898B /* MainKeyboard */ = {
			isa = PBXNativeTarget;
			buildConfigurationList = 7A2BDF491DD836070008898B /* Build configuration list for PBXNativeTarget "MainKeyboard" */;
			buildPhases = (
				7A2BDF3D1DD836070008898B /* Sources */,
				7A2BDF3E1DD836070008898B /* Frameworks */,
				7A2BDF3F1DD836070008898B /* Resources */,
			);
			buildRules = (
			);
			dependencies = (
			);
			name = MainKeyboard;
			productName = MainKeyboard;
			productReference = 7A2BDF411DD836070008898B /* MainKeyboard.appex */;
			productType = "com.apple.product-type.app-extension";
		};
/* End PBXNativeTarget section */

/* Begin PBXProject section */
		7A2BDF041DD835F10008898B /* Project object */ = {
			isa = PBXProject;
			attributes = {
				LastSwiftUpdateCheck = 0810;
				LastUpgradeCheck = 0810;
				ORGANIZATIONNAME = "Meng Huang";
				TargetAttributes = {
					7A2BDF0B1DD835F20008898B = {
						CreatedOnToolsVersion = 8.1;
						DevelopmentTeam = P98F64845E;
						ProvisioningStyle = Automatic;
					};
					7A2BDF1F1DD835F20008898B = {
						CreatedOnToolsVersion = 8.1;
						DevelopmentTeam = P98F64845E;
						ProvisioningStyle = Automatic;
						TestTargetID = 7A2BDF0B1DD835F20008898B;
					};
					7A2BDF2A1DD835F20008898B = {
						CreatedOnToolsVersion = 8.1;
						DevelopmentTeam = P98F64845E;
						ProvisioningStyle = Automatic;
						TestTargetID = 7A2BDF0B1DD835F20008898B;
					};
					7A2BDF401DD836070008898B = {
						CreatedOnToolsVersion = 8.1;
						DevelopmentTeam = P98F64845E;
						ProvisioningStyle = Automatic;
					};
				};
			};
			buildConfigurationList = 7A2BDF071DD835F10008898B /* Build configuration list for PBXProject "EquationKeyboardCore" */;
			compatibilityVersion = "Xcode 3.2";
			developmentRegion = English;
			hasScannedForEncodings = 0;
			knownRegions = (
				en,
				Base,
			);
			mainGroup = 7A2BDF031DD835F10008898B;
			productRefGroup = 7A2BDF0D1DD835F20008898B /* Products */;
			projectDirPath = "";
			projectRoot = "";
			targets = (
				7A2BDF0B1DD835F20008898B /* EquationKeyboardCore */,
				7A2BDF1F1DD835F20008898B /* EquationKeyboardCoreTests */,
				7A2BDF2A1DD835F20008898B /* EquationKeyboardCoreUITests */,
				7A2BDF401DD836070008898B /* MainKeyboard */,
			);
		};
/* End PBXProject section */

/* Begin PBXResourcesBuildPhase section */
		7A2BDF0A1DD835F20008898B /* Resources */ = {
			isa = PBXResourcesBuildPhase;
			buildActionMask = 2147483647;
			files = (
				7A2BDF1A1DD835F20008898B /* LaunchScreen.storyboard in Resources */,
				7A2BDF171DD835F20008898B /* Assets.xcassets in Resources */,
				7A2BDF151DD835F20008898B /* Main.storyboard in Resources */,
			);
			runOnlyForDeploymentPostprocessing = 0;
		};
		7A2BDF1E1DD835F20008898B /* Resources */ = {
			isa = PBXResourcesBuildPhase;
			buildActionMask = 2147483647;
			files = (
			);
			runOnlyForDeploymentPostprocessing = 0;
		};
		7A2BDF291DD835F20008898B /* Resources */ = {
			isa = PBXResourcesBuildPhase;
			buildActionMask = 2147483647;
			files = (
			);
			runOnlyForDeploymentPostprocessing = 0;
		};
		7A2BDF3F1DD836070008898B /* Resources */ = {
			isa = PBXResourcesBuildPhase;
			buildActionMask = 2147483647;
			files = (
				7A2593291DE130E5003C4E8B /* MainKeyboardStoryboard.storyboard in Resources */,
			);
			runOnlyForDeploymentPostprocessing = 0;
		};
/* End PBXResourcesBuildPhase section */

/* Begin PBXSourcesBuildPhase section */
		7A2BDF081DD835F20008898B /* Sources */ = {
			isa = PBXSourcesBuildPhase;
			buildActionMask = 2147483647;
			files = (
				7A2BDF121DD835F20008898B /* ViewController.swift in Sources */,
				7A2BDF101DD835F20008898B /* AppDelegate.swift in Sources */,
			);
			runOnlyForDeploymentPostprocessing = 0;
		};
		7A2BDF1C1DD835F20008898B /* Sources */ = {
			isa = PBXSourcesBuildPhase;
			buildActionMask = 2147483647;
			files = (
				7A2BDF251DD835F20008898B /* EquationKeyboardCoreTests.swift in Sources */,
			);
			runOnlyForDeploymentPostprocessing = 0;
		};
		7A2BDF271DD835F20008898B /* Sources */ = {
			isa = PBXSourcesBuildPhase;
			buildActionMask = 2147483647;
			files = (
				7A2BDF301DD835F20008898B /* EquationKeyboardCoreUITests.swift in Sources */,
			);
			runOnlyForDeploymentPostprocessing = 0;
		};
		7A2BDF3D1DD836070008898B /* Sources */ = {
			isa = PBXSourcesBuildPhase;
			buildActionMask = 2147483647;
			files = (
				7A25932B1DE1E923003C4E8B /* DatabaseConnector.swift in Sources */,
				7ADFD1361DE272C700028C2A /* MergedKeyboardViewController.swift in Sources */,
				7A2BDF441DD836070008898B /* KeyboardViewController.swift in Sources */,
				7A25932D1DE1FC3E003C4E8B /* NextKeyboardViewController.swift in Sources */,
			);
			runOnlyForDeploymentPostprocessing = 0;
		};
/* End PBXSourcesBuildPhase section */

/* Begin PBXTargetDependency section */
		7A2BDF221DD835F20008898B /* PBXTargetDependency */ = {
			isa = PBXTargetDependency;
			target = 7A2BDF0B1DD835F20008898B /* EquationKeyboardCore */;
			targetProxy = 7A2BDF211DD835F20008898B /* PBXContainerItemProxy */;
		};
		7A2BDF2D1DD835F20008898B /* PBXTargetDependency */ = {
			isa = PBXTargetDependency;
			target = 7A2BDF0B1DD835F20008898B /* EquationKeyboardCore */;
			targetProxy = 7A2BDF2C1DD835F20008898B /* PBXContainerItemProxy */;
		};
		7A2BDF471DD836070008898B /* PBXTargetDependency */ = {
			isa = PBXTargetDependency;
			target = 7A2BDF401DD836070008898B /* MainKeyboard */;
			targetProxy = 7A2BDF461DD836070008898B /* PBXContainerItemProxy */;
		};
/* End PBXTargetDependency section */

/* Begin PBXVariantGroup section */
		7A2BDF131DD835F20008898B /* Main.storyboard */ = {
			isa = PBXVariantGroup;
			children = (
				7A2BDF141DD835F20008898B /* Base */,
			);
			name = Main.storyboard;
			sourceTree = "<group>";
		};
		7A2BDF181DD835F20008898B /* LaunchScreen.storyboard */ = {
			isa = PBXVariantGroup;
			children = (
				7A2BDF191DD835F20008898B /* Base */,
			);
			name = LaunchScreen.storyboard;
			sourceTree = "<group>";
		};
/* End PBXVariantGroup section */

/* Begin XCBuildConfiguration section */
		7A2BDF321DD835F20008898B /* Debug */ = {
			isa = XCBuildConfiguration;
			buildSettings = {
				ALWAYS_SEARCH_USER_PATHS = NO;
				CLANG_ANALYZER_NONNULL = YES;
				CLANG_CXX_LANGUAGE_STANDARD = "gnu++0x";
				CLANG_CXX_LIBRARY = "libc++";
				CLANG_ENABLE_MODULES = YES;
				CLANG_ENABLE_OBJC_ARC = YES;
				CLANG_WARN_BOOL_CONVERSION = YES;
				CLANG_WARN_CONSTANT_CONVERSION = YES;
				CLANG_WARN_DIRECT_OBJC_ISA_USAGE = YES_ERROR;
				CLANG_WARN_DOCUMENTATION_COMMENTS = YES;
				CLANG_WARN_EMPTY_BODY = YES;
				CLANG_WARN_ENUM_CONVERSION = YES;
				CLANG_WARN_INFINITE_RECURSION = YES;
				CLANG_WARN_INT_CONVERSION = YES;
				CLANG_WARN_OBJC_ROOT_CLASS = YES_ERROR;
				CLANG_WARN_SUSPICIOUS_MOVES = YES;
				CLANG_WARN_UNREACHABLE_CODE = YES;
				CLANG_WARN__DUPLICATE_METHOD_MATCH = YES;
				CODE_SIGN_IDENTITY = "iPhone Developer";
				"CODE_SIGN_IDENTITY[sdk=iphoneos*]" = "iPhone Developer";
				COPY_PHASE_STRIP = NO;
				DEBUG_INFORMATION_FORMAT = dwarf;
				DEVELOPMENT_TEAM = P98F64845E;
				ENABLE_STRICT_OBJC_MSGSEND = YES;
				ENABLE_TESTABILITY = YES;
				GCC_C_LANGUAGE_STANDARD = gnu99;
				GCC_DYNAMIC_NO_PIC = NO;
				GCC_NO_COMMON_BLOCKS = YES;
				GCC_OPTIMIZATION_LEVEL = 0;
				GCC_PREPROCESSOR_DEFINITIONS = (
					"DEBUG=1",
					"$(inherited)",
				);
				GCC_WARN_64_TO_32_BIT_CONVERSION = YES;
				GCC_WARN_ABOUT_RETURN_TYPE = YES_ERROR;
				GCC_WARN_UNDECLARED_SELECTOR = YES;
				GCC_WARN_UNINITIALIZED_AUTOS = YES_AGGRESSIVE;
				GCC_WARN_UNUSED_FUNCTION = YES;
				GCC_WARN_UNUSED_VARIABLE = YES;
				IPHONEOS_DEPLOYMENT_TARGET = 10.1;
				MTL_ENABLE_DEBUG_INFO = YES;
				ONLY_ACTIVE_ARCH = YES;
				SDKROOT = iphoneos;
				SWIFT_ACTIVE_COMPILATION_CONDITIONS = DEBUG;
				SWIFT_OPTIMIZATION_LEVEL = "-Onone";
				TARGETED_DEVICE_FAMILY = 2;
			};
			name = Debug;
		};
		7A2BDF331DD835F20008898B /* Release */ = {
			isa = XCBuildConfiguration;
			buildSettings = {
				ALWAYS_SEARCH_USER_PATHS = NO;
				CLANG_ANALYZER_NONNULL = YES;
				CLANG_CXX_LANGUAGE_STANDARD = "gnu++0x";
				CLANG_CXX_LIBRARY = "libc++";
				CLANG_ENABLE_MODULES = YES;
				CLANG_ENABLE_OBJC_ARC = YES;
				CLANG_WARN_BOOL_CONVERSION = YES;
				CLANG_WARN_CONSTANT_CONVERSION = YES;
				CLANG_WARN_DIRECT_OBJC_ISA_USAGE = YES_ERROR;
				CLANG_WARN_DOCUMENTATION_COMMENTS = YES;
				CLANG_WARN_EMPTY_BODY = YES;
				CLANG_WARN_ENUM_CONVERSION = YES;
				CLANG_WARN_INFINITE_RECURSION = YES;
				CLANG_WARN_INT_CONVERSION = YES;
				CLANG_WARN_OBJC_ROOT_CLASS = YES_ERROR;
				CLANG_WARN_SUSPICIOUS_MOVES = YES;
				CLANG_WARN_UNREACHABLE_CODE = YES;
				CLANG_WARN__DUPLICATE_METHOD_MATCH = YES;
				CODE_SIGN_IDENTITY = "iPhone Developer";
				"CODE_SIGN_IDENTITY[sdk=iphoneos*]" = "iPhone Developer";
				COPY_PHASE_STRIP = NO;
				DEBUG_INFORMATION_FORMAT = "dwarf-with-dsym";
				DEVELOPMENT_TEAM = P98F64845E;
				ENABLE_NS_ASSERTIONS = NO;
				ENABLE_STRICT_OBJC_MSGSEND = YES;
				GCC_C_LANGUAGE_STANDARD = gnu99;
				GCC_NO_COMMON_BLOCKS = YES;
				GCC_WARN_64_TO_32_BIT_CONVERSION = YES;
				GCC_WARN_ABOUT_RETURN_TYPE = YES_ERROR;
				GCC_WARN_UNDECLARED_SELECTOR = YES;
				GCC_WARN_UNINITIALIZED_AUTOS = YES_AGGRESSIVE;
				GCC_WARN_UNUSED_FUNCTION = YES;
				GCC_WARN_UNUSED_VARIABLE = YES;
				IPHONEOS_DEPLOYMENT_TARGET = 10.1;
				MTL_ENABLE_DEBUG_INFO = NO;
				SDKROOT = iphoneos;
				SWIFT_OPTIMIZATION_LEVEL = "-Owholemodule";
				TARGETED_DEVICE_FAMILY = 2;
				VALIDATE_PRODUCT = YES;
			};
			name = Release;
		};
		7A2BDF351DD835F20008898B /* Debug */ = {
			isa = XCBuildConfiguration;
			buildSettings = {
				ALWAYS_EMBED_SWIFT_STANDARD_LIBRARIES = YES;
				ASSETCATALOG_COMPILER_APPICON_NAME = AppIcon;
				DEVELOPMENT_TEAM = P98F64845E;
				INFOPLIST_FILE = EquationKeyboardCore/Info.plist;
				LD_RUNPATH_SEARCH_PATHS = "$(inherited) @executable_path/Frameworks";
				PRODUCT_BUNDLE_IDENTIFIER = Mengs.EquationKeyboardCore;
				PRODUCT_NAME = "$(TARGET_NAME)";
				SWIFT_VERSION = 3.0;
			};
			name = Debug;
		};
		7A2BDF361DD835F20008898B /* Release */ = {
			isa = XCBuildConfiguration;
			buildSettings = {
				ALWAYS_EMBED_SWIFT_STANDARD_LIBRARIES = YES;
				ASSETCATALOG_COMPILER_APPICON_NAME = AppIcon;
				DEVELOPMENT_TEAM = P98F64845E;
				INFOPLIST_FILE = EquationKeyboardCore/Info.plist;
				LD_RUNPATH_SEARCH_PATHS = "$(inherited) @executable_path/Frameworks";
				PRODUCT_BUNDLE_IDENTIFIER = Mengs.EquationKeyboardCore;
				PRODUCT_NAME = "$(TARGET_NAME)";
				SWIFT_VERSION = 3.0;
			};
			name = Release;
		};
		7A2BDF381DD835F20008898B /* Debug */ = {
			isa = XCBuildConfiguration;
			buildSettings = {
				ALWAYS_EMBED_SWIFT_STANDARD_LIBRARIES = YES;
				BUNDLE_LOADER = "$(TEST_HOST)";
				INFOPLIST_FILE = EquationKeyboardCoreTests/Info.plist;
				LD_RUNPATH_SEARCH_PATHS = "$(inherited) @executable_path/Frameworks @loader_path/Frameworks";
				PRODUCT_BUNDLE_IDENTIFIER = Mengs.EquationKeyboardCoreTests;
				PRODUCT_NAME = "$(TARGET_NAME)";
				SWIFT_VERSION = 3.0;
				TEST_HOST = "$(BUILT_PRODUCTS_DIR)/EquationKeyboardCore.app/EquationKeyboardCore";
			};
			name = Debug;
		};
		7A2BDF391DD835F20008898B /* Release */ = {
			isa = XCBuildConfiguration;
			buildSettings = {
				ALWAYS_EMBED_SWIFT_STANDARD_LIBRARIES = YES;
				BUNDLE_LOADER = "$(TEST_HOST)";
				INFOPLIST_FILE = EquationKeyboardCoreTests/Info.plist;
				LD_RUNPATH_SEARCH_PATHS = "$(inherited) @executable_path/Frameworks @loader_path/Frameworks";
				PRODUCT_BUNDLE_IDENTIFIER = Mengs.EquationKeyboardCoreTests;
				PRODUCT_NAME = "$(TARGET_NAME)";
				SWIFT_VERSION = 3.0;
				TEST_HOST = "$(BUILT_PRODUCTS_DIR)/EquationKeyboardCore.app/EquationKeyboardCore";
			};
			name = Release;
		};
		7A2BDF3B1DD835F20008898B /* Debug */ = {
			isa = XCBuildConfiguration;
			buildSettings = {
				ALWAYS_EMBED_SWIFT_STANDARD_LIBRARIES = YES;
				INFOPLIST_FILE = EquationKeyboardCoreUITests/Info.plist;
				LD_RUNPATH_SEARCH_PATHS = "$(inherited) @executable_path/Frameworks @loader_path/Frameworks";
				PRODUCT_BUNDLE_IDENTIFIER = Mengs.EquationKeyboardCoreUITests;
				PRODUCT_NAME = "$(TARGET_NAME)";
				SWIFT_VERSION = 3.0;
				TEST_TARGET_NAME = EquationKeyboardCore;
			};
			name = Debug;
		};
		7A2BDF3C1DD835F20008898B /* Release */ = {
			isa = XCBuildConfiguration;
			buildSettings = {
				ALWAYS_EMBED_SWIFT_STANDARD_LIBRARIES = YES;
				INFOPLIST_FILE = EquationKeyboardCoreUITests/Info.plist;
				LD_RUNPATH_SEARCH_PATHS = "$(inherited) @executable_path/Frameworks @loader_path/Frameworks";
				PRODUCT_BUNDLE_IDENTIFIER = Mengs.EquationKeyboardCoreUITests;
				PRODUCT_NAME = "$(TARGET_NAME)";
				SWIFT_VERSION = 3.0;
				TEST_TARGET_NAME = EquationKeyboardCore;
			};
			name = Release;
		};
		7A2BDF4A1DD836070008898B /* Debug */ = {
			isa = XCBuildConfiguration;
			buildSettings = {
				INFOPLIST_FILE = MainKeyboard/Info.plist;
				LD_RUNPATH_SEARCH_PATHS = "$(inherited) @executable_path/Frameworks @executable_path/../../Frameworks";
				PRODUCT_BUNDLE_IDENTIFIER = Mengs.EquationKeyboardCore.MainKeyboard;
				PRODUCT_NAME = "$(TARGET_NAME)";
				SKIP_INSTALL = YES;
				SWIFT_VERSION = 3.0;
			};
			name = Debug;
		};
		7A2BDF4B1DD836070008898B /* Release */ = {
			isa = XCBuildConfiguration;
			buildSettings = {
				INFOPLIST_FILE = MainKeyboard/Info.plist;
				LD_RUNPATH_SEARCH_PATHS = "$(inherited) @executable_path/Frameworks @executable_path/../../Frameworks";
				PRODUCT_BUNDLE_IDENTIFIER = Mengs.EquationKeyboardCore.MainKeyboard;
				PRODUCT_NAME = "$(TARGET_NAME)";
				SKIP_INSTALL = YES;
				SWIFT_VERSION = 3.0;
			};
			name = Release;
		};
/* End XCBuildConfiguration section */

/* Begin XCConfigurationList section */
		7A2BDF071DD835F10008898B /* Build configuration list for PBXProject "EquationKeyboardCore" */ = {
			isa = XCConfigurationList;
			buildConfigurations = (
				7A2BDF321DD835F20008898B /* Debug */,
				7A2BDF331DD835F20008898B /* Release */,
			);
			defaultConfigurationIsVisible = 0;
			defaultConfigurationName = Release;
		};
		7A2BDF341DD835F20008898B /* Build configuration list for PBXNativeTarget "EquationKeyboardCore" */ = {
			isa = XCConfigurationList;
			buildConfigurations = (
				7A2BDF351DD835F20008898B /* Debug */,
				7A2BDF361DD835F20008898B /* Release */,
			);
			defaultConfigurationIsVisible = 0;
			defaultConfigurationName = Release;
		};
		7A2BDF371DD835F20008898B /* Build configuration list for PBXNativeTarget "EquationKeyboardCoreTests" */ = {
			isa = XCConfigurationList;
			buildConfigurations = (
				7A2BDF381DD835F20008898B /* Debug */,
				7A2BDF391DD835F20008898B /* Release */,
			);
			defaultConfigurationIsVisible = 0;
			defaultConfigurationName = Release;
		};
		7A2BDF3A1DD835F20008898B /* Build configuration list for PBXNativeTarget "EquationKeyboardCoreUITests" */ = {
			isa = XCConfigurationList;
			buildConfigurations = (
				7A2BDF3B1DD835F20008898B /* Debug */,
				7A2BDF3C1DD835F20008898B /* Release */,
			);
			defaultConfigurationIsVisible = 0;
			defaultConfigurationName = Release;
		};
		7A2BDF491DD836070008898B /* Build configuration list for PBXNativeTarget "MainKeyboard" */ = {
			isa = XCConfigurationList;
			buildConfigurations = (
				7A2BDF4A1DD836070008898B /* Debug */,
				7A2BDF4B1DD836070008898B /* Release */,
			);
			defaultConfigurationIsVisible = 0;
			defaultConfigurationName = Release;
		};
/* End XCConfigurationList section */
	};
	rootObject = 7A2BDF041DD835F10008898B /* Project object */;
}
